{
  "name": "lower-that",
  "version": "1.0.0",
  "lockfileVersion": 3,
  "requires": true,
  "packages": {
    "": {
      "name": "lower-that",
      "version": "1.0.0",
      "license": "MIT",
      "dependencies": {
        "dotenv": "^17.2.1",
        "node-webcam": "^0.8.2",
        "openai": "^5.12.0",
        "samsung-tv-remote": "^2.2.2"
      }
    },
    "node_modules/abbrev": {
      "version": "2.0.0",
      "resolved": "https://registry.npmjs.org/abbrev/-/abbrev-2.0.0.tgz",
      "integrity": "sha512-6/mh1E2u2YgEsCHdY0Yx5oW+61gZU+1vXaoiHHrpKeuRNNgFvS+/jrwHiQhB5apAf5oB7UB7E19ol2R2LKH8hQ==",
      "license": "ISC",
      "engines": {
        "node": "^14.17.0 || ^16.13.0 || >=18.0.0"
      }
    },
    "node_modules/bufferutil": {
      "version": "4.0.9",
      "resolved": "https://registry.npmjs.org/bufferutil/-/bufferutil-4.0.9.tgz",
      "integrity": "sha512-WDtdLmJvAuNNPzByAYpRo2rF1Mmradw6gvWsQKf63476DDXmomT9zUiGypLcG4ibIM67vhAj8jJRdbmEws2Aqw==",
      "hasInstallScript": true,
      "license": "MIT",
      "optional": true,
      "dependencies": {
        "node-gyp-build": "^4.3.0"
      },
      "engines": {
        "node": ">=6.14.2"
      }
    },
    "node_modules/dotenv": {
      "version": "17.2.1",
      "resolved": "https://registry.npmjs.org/dotenv/-/dotenv-17.2.1.tgz",
      "integrity": "sha512-kQhDYKZecqnM0fCnzI5eIv5L4cAe/iRI+HqMbO/hbRdTAeXDG+M9FjipUxNfbARuEg4iHIbhnhs78BCHNbSxEQ==",
      "license": "BSD-2-Clause",
      "engines": {
        "node": ">=12"
      },
      "funding": {
        "url": "https://dotenvx.com"
      }
    },
    "node_modules/minimist": {
      "version": "1.2.8",
      "resolved": "https://registry.npmjs.org/minimist/-/minimist-1.2.8.tgz",
      "integrity": "sha512-2yyAR8qBkN3YuheJanUpWC5U3bb5osDywNB8RzDVlDwDHbocAJveqqj1u8+SVD7jkWT4yvsHCpWqqWqAxb0zCA==",
      "license": "MIT",
      "funding": {
        "url": "https://github.com/sponsors/ljharb"
      }
    },
    "node_modules/node-gyp-build": {
      "version": "4.8.4",
      "resolved": "https://registry.npmjs.org/node-gyp-build/-/node-gyp-build-4.8.4.tgz",
      "integrity": "sha512-LA4ZjwlnUblHVgq0oBF3Jl/6h/Nvs5fzBLwdEF4nuxnFdsfajde4WfxtJr3CaiH+F6ewcIB/q4jQ4UzPyid+CQ==",
      "license": "MIT",
      "optional": true,
      "bin": {
        "node-gyp-build": "bin.js",
        "node-gyp-build-optional": "optional.js",
        "node-gyp-build-test": "build-test.js"
      }
    },
    "node_modules/node-webcam": {
      "version": "0.8.2",
      "resolved": "https://registry.npmjs.org/node-webcam/-/node-webcam-0.8.2.tgz",
      "integrity": "sha512-cuVhDui14Mwc3BfwXMP7EPsrVt1JKns1E5hn/U88ptpdI9c/1M0wQ6nHMcPo+pBrt//kp3h3ZLx12awMdVEXCw==",
      "hasInstallScript": true,
      "license": "MIT",
      "dependencies": {
        "nopt": "*"
      },
      "bin": {
        "node-webcam": "bin/node-webcam.js"
      }
    },
    "node_modules/nopt": {
      "version": "8.0.0",
      "resolved": "https://registry.npmjs.org/nopt/-/nopt-8.0.0.tgz",
      "integrity": "sha512-1L/fTJ4UmV/lUxT2Uf006pfZKTvAgCF+chz+0OgBHO8u2Z67pE7AaAUUj7CJy0lXqHmymUvGFt6NE9R3HER0yw==",
      "license": "ISC",
      "dependencies": {
        "abbrev": "^2.0.0"
      },
      "bin": {
        "nopt": "bin/nopt.js"
      },
      "engines": {
        "node": "^18.17.0 || >=20.5.0"
      }
    },
    "node_modules/openai": {
      "version": "5.12.0",
      "resolved": "https://registry.npmjs.org/openai/-/openai-5.12.0.tgz",
      "integrity": "sha512-vUdt02xiWgOHiYUmW0Hj1Qu9OKAiVQu5Bd547ktVCiMKC1BkB5L3ImeEnCyq3WpRKR6ZTaPgekzqdozwdPs7Lg==",
      "license": "Apache-2.0",
      "bin": {
        "openai": "bin/cli"
      },
      "peerDependencies": {
        "ws": "^8.18.0",
        "zod": "^3.23.8"
      },
      "peerDependenciesMeta": {
        "ws": {
          "optional": true
        },
        "zod": {
          "optional": true
        }
      }
    },
    "node_modules/samsung-tv-remote": {
      "version": "2.2.2",
      "resolved": "https://registry.npmjs.org/samsung-tv-remote/-/samsung-tv-remote-2.2.2.tgz",
      "integrity": "sha512-Ma92H2c3fpB9PCT+A5etl1PUn8pM/W00XmHH272fnpRhSuKsyVETihao/nM7Y7iTMR4HTzjB3YdIAHkEGPmlcQ==",
      "license": "MIT",
      "dependencies": {
        "wake_on_lan": "^1.0.0",
        "ws": "^8.18.1"
      },
      "optionalDependencies": {
        "bufferutil": "^4.0.9"
      }
    },
    "node_modules/wake_on_lan": {
      "version": "1.0.0",
      "resolved": "https://registry.npmjs.org/wake_on_lan/-/wake_on_lan-1.0.0.tgz",
      "integrity": "sha512-0QSpxny0QmsssshI6kePj6cobQPK+i8r5shfj58ZfQIUH9fUTyAaYPqZO3W/Ai7mN4vQVdTdsSGIr20M81UL6Q==",
      "license": "MIT",
      "dependencies": {
        "minimist": "^1.2.0"
      },
      "bin": {
        "wake": "wake"
      }
    },
    "node_modules/ws": {
      "version": "8.18.3",
      "resolved": "https://registry.npmjs.org/ws/-/ws-8.18.3.tgz",
      "integrity": "sha512-PEIGCY5tSlUt50cqyMXfCzX+oOPqN0vuGqWzbcJ2xvnkzkq46oOpz7dQaTDBdfICb4N14+GARUDw2XV2N4tvzg==",
      "license": "MIT",
      "engines": {
        "node": ">=10.0.0"
      },
      "peerDependencies": {
        "bufferutil": "^4.0.1",
        "utf-8-validate": ">=5.0.2"
      },
      "peerDependenciesMeta": {
        "bufferutil": {
          "optional": true
        },
        "utf-8-validate": {
          "optional": true
        }
      }
    }
  }
}
